Microsoft Visual Studio Solution File, Format Version 12.00
# Visual Studio Version 17
VisualStudioVersion = 17.5.2.0
MinimumVisualStudioVersion = 10.0.40219.1
Project("{FAE04EC0-301F-11D3-BF4B-00C04F79EFBC}") = "ReportPlugin", "ReportPlugin.csproj", "{2CBBA1E3-4D5E-DE62-AD0D-3305683CD2FC}"
EndProject
Global
	GlobalSection(SolutionConfigurationPlatforms) = preSolution
		Debug|Any CPU = Debug|Any CPU
		Release|Any CPU = Release|Any CPU
	EndGlobalSection
	GlobalSection(ProjectConfigurationPlatforms) = postSolution
		{2CBBA1E3-4D5E-DE62-AD0D-3305683CD2FC}.Debug|Any CPU.ActiveCfg = Debug|Any CPU
		{2CBBA1E3-4D5E-DE62-AD0D-3305683CD2FC}.Debug|Any CPU.Build.0 = Debug|Any CPU
		{2CBBA1E3-4D5E-DE62-AD0D-3305683CD2FC}.Release|Any CPU.ActiveCfg = Release|Any CPU
		{2CBBA1E3-4D5E-DE62-AD0D-3305683CD2FC}.Release|Any CPU.Build.0 = Release|Any CPU
	EndGlobalSection
	GlobalSection(SolutionProperties) = preSolution
		HideSolutionNode = FALSE
	EndGlobalSection
	GlobalSection(ExtensibilityGlobals) = postSolution
		SolutionGuid = {52A52553-A299-4705-9E74-9F6386B95A27}
	EndGlobalSection
EndGlobal
